
Microsoft Visual Studio Solution File, Format Version 12.00
# Visual Studio 15
VisualStudioVersion = 15.0.28307.572
MinimumVisualStudioVersion = 10.0.40219.1
Project("{FAE04EC0-301F-11D3-BF4B-00C04F79EFBC}") = "2001. A+B", "2001. A+B\2001. A+B.csproj", "{CD09C269-0A00-494E-8EC1-376A197D0F9E}"
EndProject
Project("{FAE04EC0-301F-11D3-BF4B-00C04F79EFBC}") = "2002. SumOfNumbers", "2002. SumOfNumbers\2002. SumOfNumbers.csproj", "{10C57699-5051-4F27-B391-65ECBB643690}"
EndProject
Project("{FAE04EC0-301F-11D3-BF4B-00C04F79EFBC}") = "2003. AltSumOfNumbers", "2003. AltSumOfNumbers\2003. AltSumOfNumbers.csproj", "{7E3D5E71-AEC1-4767-8198-5E3742B876D1}"
EndProject
Project("{FAE04EC0-301F-11D3-BF4B-00C04F79EFBC}") = "2004. LeapYear", "2004. LeapYear\2004. LeapYear.csproj", "{B636AA44-92AC-47FD-9849-B3C3CCF85A0F}"
EndProject
Project("{FAE04EC0-301F-11D3-BF4B-00C04F79EFBC}") = "2005. FirstMinIndex", "2005. FirstMinIndex\2005. FirstMinIndex.csproj", "{7A8495C8-8A0B-4EBF-8733-EDAEFDDDFA9A}"
EndProject
Project("{FAE04EC0-301F-11D3-BF4B-00C04F79EFBC}") = "2006. BadenLengthMeasurement", "2006. BadenLengthMeasurement\2006. BadenLengthMeasurement.csproj", "{862996F8-67E6-44DD-B6B7-B7E524945F06}"
EndProject
Project("{FAE04EC0-301F-11D3-BF4B-00C04F79EFBC}") = "2007. RoundNumbersInBinarySystem", "2007. RoundNumbersInBinarySystem\2007. RoundNumbersInBinarySystem.csproj", "{350D5F7F-7597-49DE-A5D3-CE7E6E8990BC}"
EndProject
Project("{FAE04EC0-301F-11D3-BF4B-00C04F79EFBC}") = "2008. TruckLoading", "2008. TruckLoading\2008. TruckLoading.csproj", "{C43F477F-059D-4FA5-A958-5EE6BB253E53}"
EndProject
Project("{FAE04EC0-301F-11D3-BF4B-00C04F79EFBC}") = "2009. SumOnPowersOfTwos", "2009. SumOnPowersOfTwos\2009. SumOnPowersOfTwos.csproj", "{6AEC753D-7A99-4803-82A7-7751CD78AB9E}"
EndProject
Project("{FAE04EC0-301F-11D3-BF4B-00C04F79EFBC}") = "2010. Euclid'sАlgorithm", "2010. Euclid'sАlgorithm\2010. Euclid'sАlgorithm.csproj", "{410CDB7E-2716-46D0-A526-32E13D8A6A07}"
EndProject
Project("{FAE04EC0-301F-11D3-BF4B-00C04F79EFBC}") = "2011. AgeAnalysis", "2011. AgeAnalysis\2011. AgeAnalysis.csproj", "{5384C698-B88D-451C-B8EE-CA163A25AA22}"
EndProject
Global
	GlobalSection(SolutionConfigurationPlatforms) = preSolution
		Debug|Any CPU = Debug|Any CPU
		Release|Any CPU = Release|Any CPU
	EndGlobalSection
	GlobalSection(ProjectConfigurationPlatforms) = postSolution
		{CD09C269-0A00-494E-8EC1-376A197D0F9E}.Debug|Any CPU.ActiveCfg = Debug|Any CPU
		{CD09C269-0A00-494E-8EC1-376A197D0F9E}.Debug|Any CPU.Build.0 = Debug|Any CPU
		{CD09C269-0A00-494E-8EC1-376A197D0F9E}.Release|Any CPU.ActiveCfg = Release|Any CPU
		{CD09C269-0A00-494E-8EC1-376A197D0F9E}.Release|Any CPU.Build.0 = Release|Any CPU
		{10C57699-5051-4F27-B391-65ECBB643690}.Debug|Any CPU.ActiveCfg = Debug|Any CPU
		{10C57699-5051-4F27-B391-65ECBB643690}.Debug|Any CPU.Build.0 = Debug|Any CPU
		{10C57699-5051-4F27-B391-65ECBB643690}.Release|Any CPU.ActiveCfg = Release|Any CPU
		{10C57699-5051-4F27-B391-65ECBB643690}.Release|Any CPU.Build.0 = Release|Any CPU
		{7E3D5E71-AEC1-4767-8198-5E3742B876D1}.Debug|Any CPU.ActiveCfg = Debug|Any CPU
		{7E3D5E71-AEC1-4767-8198-5E3742B876D1}.Debug|Any CPU.Build.0 = Debug|Any CPU
		{7E3D5E71-AEC1-4767-8198-5E3742B876D1}.Release|Any CPU.ActiveCfg = Release|Any CPU
		{7E3D5E71-AEC1-4767-8198-5E3742B876D1}.Release|Any CPU.Build.0 = Release|Any CPU
		{B636AA44-92AC-47FD-9849-B3C3CCF85A0F}.Debug|Any CPU.ActiveCfg = Debug|Any CPU
		{B636AA44-92AC-47FD-9849-B3C3CCF85A0F}.Debug|Any CPU.Build.0 = Debug|Any CPU
		{B636AA44-92AC-47FD-9849-B3C3CCF85A0F}.Release|Any CPU.ActiveCfg = Release|Any CPU
		{B636AA44-92AC-47FD-9849-B3C3CCF85A0F}.Release|Any CPU.Build.0 = Release|Any CPU
		{7A8495C8-8A0B-4EBF-8733-EDAEFDDDFA9A}.Debug|Any CPU.ActiveCfg = Debug|Any CPU
		{7A8495C8-8A0B-4EBF-8733-EDAEFDDDFA9A}.Debug|Any CPU.Build.0 = Debug|Any CPU
		{7A8495C8-8A0B-4EBF-8733-EDAEFDDDFA9A}.Release|Any CPU.ActiveCfg = Release|Any CPU
		{7A8495C8-8A0B-4EBF-8733-EDAEFDDDFA9A}.Release|Any CPU.Build.0 = Release|Any CPU
		{862996F8-67E6-44DD-B6B7-B7E524945F06}.Debug|Any CPU.ActiveCfg = Debug|Any CPU
		{862996F8-67E6-44DD-B6B7-B7E524945F06}.Debug|Any CPU.Build.0 = Debug|Any CPU
		{862996F8-67E6-44DD-B6B7-B7E524945F06}.Release|Any CPU.ActiveCfg = Release|Any CPU
		{862996F8-67E6-44DD-B6B7-B7E524945F06}.Release|Any CPU.Build.0 = Release|Any CPU
		{350D5F7F-7597-49DE-A5D3-CE7E6E8990BC}.Debug|Any CPU.ActiveCfg = Debug|Any CPU
		{350D5F7F-7597-49DE-A5D3-CE7E6E8990BC}.Debug|Any CPU.Build.0 = Debug|Any CPU
		{350D5F7F-7597-49DE-A5D3-CE7E6E8990BC}.Release|Any CPU.ActiveCfg = Release|Any CPU
		{350D5F7F-7597-49DE-A5D3-CE7E6E8990BC}.Release|Any CPU.Build.0 = Release|Any CPU
		{C43F477F-059D-4FA5-A958-5EE6BB253E53}.Debug|Any CPU.ActiveCfg = Debug|Any CPU
		{C43F477F-059D-4FA5-A958-5EE6BB253E53}.Debug|Any CPU.Build.0 = Debug|Any CPU
		{C43F477F-059D-4FA5-A958-5EE6BB253E53}.Release|Any CPU.ActiveCfg = Release|Any CPU
		{C43F477F-059D-4FA5-A958-5EE6BB253E53}.Release|Any CPU.Build.0 = Release|Any CPU
		{6AEC753D-7A99-4803-82A7-7751CD78AB9E}.Debug|Any CPU.ActiveCfg = Debug|Any CPU
		{6AEC753D-7A99-4803-82A7-7751CD78AB9E}.Debug|Any CPU.Build.0 = Debug|Any CPU
		{6AEC753D-7A99-4803-82A7-7751CD78AB9E}.Release|Any CPU.ActiveCfg = Release|Any CPU
		{6AEC753D-7A99-4803-82A7-7751CD78AB9E}.Release|Any CPU.Build.0 = Release|Any CPU
		{410CDB7E-2716-46D0-A526-32E13D8A6A07}.Debug|Any CPU.ActiveCfg = Debug|Any CPU
		{410CDB7E-2716-46D0-A526-32E13D8A6A07}.Debug|Any CPU.Build.0 = Debug|Any CPU
		{410CDB7E-2716-46D0-A526-32E13D8A6A07}.Release|Any CPU.ActiveCfg = Release|Any CPU
		{410CDB7E-2716-46D0-A526-32E13D8A6A07}.Release|Any CPU.Build.0 = Release|Any CPU
		{5384C698-B88D-451C-B8EE-CA163A25AA22}.Debug|Any CPU.ActiveCfg = Debug|Any CPU
		{5384C698-B88D-451C-B8EE-CA163A25AA22}.Debug|Any CPU.Build.0 = Debug|Any CPU
		{5384C698-B88D-451C-B8EE-CA163A25AA22}.Release|Any CPU.ActiveCfg = Release|Any CPU
		{5384C698-B88D-451C-B8EE-CA163A25AA22}.Release|Any CPU.Build.0 = Release|Any CPU
	EndGlobalSection
	GlobalSection(SolutionProperties) = preSolution
		HideSolutionNode = FALSE
	EndGlobalSection
	GlobalSection(ExtensibilityGlobals) = postSolution
		SolutionGuid = {1BE3BBE1-4067-4864-97CF-2A094A53A170}
	EndGlobalSection
EndGlobal
